<?xml version="1.0" encoding="utf-8"?>
<Project ToolsVersion="4.0" xmlns="http://schemas.microsoft.com/developer/msbuild/2003">
  <ItemGroup>
    <Filter Include="ui">
      <UniqueIdentifier>{f7a0c3db-0c9e-4959-9fa8-98a6d4e2da73}</UniqueIdentifier>
    </Filter>
    <Filter Include="core">
      <UniqueIdentifier>{4FC737F1-C7A5-4376-A066-2A32D752A2FF}</UniqueIdentifier>
      <Extensions>cpp;c;cc;cxx;c++;cppm;ixx;def;odl;idl;hpj;bat;asm;asmx</Extensions>
    </Filter>
    <Filter Include="res">
      <UniqueIdentifier>{67DA6AB6-F800-4c08-8B7A-83BB121AAD01}</UniqueIdentifier>
      <Extensions>rc;ico;cur;bmp;dlg;rc2;rct;bin;rgs;gif;jpg;jpeg;jpe;resx;tiff;tif;png;wav;mfcribbon-ms</Extensions>
    </Filter>
    <Filter Include="common">
      <UniqueIdentifier>{de40b966-9b97-4423-8ac3-f6c9d8199330}</UniqueIdentifier>
    </Filter>
    <Filter Include="thirdparty">
      <UniqueIdentifier>{c5633bec-5a86-4313-b58f-96726ce9a82a}</UniqueIdentifier>
    </Filter>
  </ItemGroup>
  <ItemGroup>
    <ClCompile Include="core\entry.cpp">
      <Filter>core</Filter>
    </ClCompile>
    <ClCompile Include="common\ioc.cpp">
      <Filter>common</Filter>
    </ClCompile>
    <ClCompile Include="common\log.cpp">
      <Filter>common</Filter>
    </ClCompile>
    <ClCompile Include="core\init.cpp">
      <Filter>core</Filter>
    </ClCompile>
    <ClCompile Include="common\logsessn.cpp">
      <Filter>common</Filter>
    </ClCompile>
    <ClCompile Include="common\logprov.cpp">
      <Filter>common</Filter>
    </ClCompile>
    <ClCompile Include="common\stacktrc.cpp">
      <Filter>common</Filter>
    </ClCompile>
    <ClCompile Include="common\assert.cpp">
      <Filter>common</Filter>
    </ClCompile>
    <ClCompile Include="common\strutil.cpp">
      <Filter>common</Filter>
    </ClCompile>
    <ClCompile Include="common\excption.cpp">
      <Filter>common</Filter>
    </ClCompile>
    <ClCompile Include="ui\winclass.cpp">
      <Filter>ui</Filter>
    </ClCompile>
    <ClCompile Include="ui\winimpl.cpp">
      <Filter>ui</Filter>
    </ClCompile>
    <ClCompile Include="core\jobqueue.cpp">
      <Filter>core</Filter>
    </ClCompile>
    <ClCompile Include="thirdparty\imgui\backends\imgui_impl_allegro5.cpp">
      <Filter>core</Filter>
    </ClCompile>
    <ClCompile Include="thirdparty\imgui\backends\imgui_impl_android.cpp">
      <Filter>core</Filter>
    </ClCompile>
    <ClCompile Include="thirdparty\imgui\backends\imgui_impl_dx9.cpp">
      <Filter>core</Filter>
    </ClCompile>
    <ClCompile Include="thirdparty\imgui\backends\imgui_impl_dx10.cpp">
      <Filter>core</Filter>
    </ClCompile>
    <ClCompile Include="thirdparty\imgui\backends\imgui_impl_dx11.cpp">
      <Filter>core</Filter>
    </ClCompile>
    <ClCompile Include="thirdparty\imgui\backends\imgui_impl_dx12.cpp">
      <Filter>core</Filter>
    </ClCompile>
    <ClCompile Include="thirdparty\imgui\backends\imgui_impl_glfw.cpp">
      <Filter>core</Filter>
    </ClCompile>
    <ClCompile Include="thirdparty\imgui\backends\imgui_impl_glut.cpp">
      <Filter>core</Filter>
    </ClCompile>
    <ClCompile Include="thirdparty\imgui\backends\imgui_impl_opengl2.cpp">
      <Filter>core</Filter>
    </ClCompile>
    <ClCompile Include="thirdparty\imgui\backends\imgui_impl_opengl3.cpp">
      <Filter>core</Filter>
    </ClCompile>
    <ClCompile Include="thirdparty\imgui\backends\imgui_impl_sdl2.cpp">
      <Filter>core</Filter>
    </ClCompile>
    <ClCompile Include="thirdparty\imgui\backends\imgui_impl_sdl3.cpp">
      <Filter>core</Filter>
    </ClCompile>
    <ClCompile Include="thirdparty\imgui\backends\imgui_impl_sdlrenderer2.cpp">
      <Filter>core</Filter>
    </ClCompile>
    <ClCompile Include="thirdparty\imgui\backends\imgui_impl_sdlrenderer3.cpp">
      <Filter>core</Filter>
    </ClCompile>
    <ClCompile Include="thirdparty\imgui\backends\imgui_impl_vulkan.cpp">
      <Filter>core</Filter>
    </ClCompile>
    <ClCompile Include="thirdparty\imgui\backends\imgui_impl_wgpu.cpp">
      <Filter>core</Filter>
    </ClCompile>
    <ClCompile Include="thirdparty\imgui\backends\imgui_impl_win32.cpp">
      <Filter>core</Filter>
    </ClCompile>
    <ClCompile Include="thirdparty\imgui\examples\example_allegro5\main.cpp">
      <Filter>core</Filter>
    </ClCompile>
    <ClCompile Include="thirdparty\imgui\examples\example_android_opengl3\main.cpp">
      <Filter>core</Filter>
    </ClCompile>
    <ClCompile Include="thirdparty\imgui\examples\example_emscripten_wgpu\main.cpp">
      <Filter>core</Filter>
    </ClCompile>
    <ClCompile Include="thirdparty\imgui\examples\example_glfw_opengl2\main.cpp">
      <Filter>core</Filter>
    </ClCompile>
    <ClCompile Include="thirdparty\imgui\examples\example_glfw_opengl3\main.cpp">
      <Filter>core</Filter>
    </ClCompile>
    <ClCompile Include="thirdparty\imgui\examples\example_glfw_vulkan\main.cpp">
      <Filter>core</Filter>
    </ClCompile>
    <ClCompile Include="thirdparty\imgui\examples\example_glut_opengl2\main.cpp">
      <Filter>core</Filter>
    </ClCompile>
    <ClCompile Include="thirdparty\imgui\examples\example_null\main.cpp">
      <Filter>core</Filter>
    </ClCompile>
    <ClCompile Include="thirdparty\imgui\examples\example_sdl2_directx11\main.cpp">
      <Filter>core</Filter>
    </ClCompile>
    <ClCompile Include="thirdparty\imgui\examples\example_sdl2_opengl2\main.cpp">
      <Filter>core</Filter>
    </ClCompile>
    <ClCompile Include="thirdparty\imgui\examples\example_sdl2_opengl3\main.cpp">
      <Filter>core</Filter>
    </ClCompile>
    <ClCompile Include="thirdparty\imgui\examples\example_sdl2_sdlrenderer2\main.cpp">
      <Filter>core</Filter>
    </ClCompile>
    <ClCompile Include="thirdparty\imgui\examples\example_sdl2_vulkan\main.cpp">
      <Filter>core</Filter>
    </ClCompile>
    <ClCompile Include="thirdparty\imgui\examples\example_sdl3_opengl3\main.cpp">
      <Filter>core</Filter>
    </ClCompile>
    <ClCompile Include="thirdparty\imgui\examples\example_sdl3_sdlrenderer3\main.cpp">
      <Filter>core</Filter>
    </ClCompile>
    <ClCompile Include="thirdparty\imgui\examples\example_win32_directx9\main.cpp">
      <Filter>core</Filter>
    </ClCompile>
    <ClCompile Include="thirdparty\imgui\examples\example_win32_directx10\main.cpp">
      <Filter>core</Filter>
    </ClCompile>
    <ClCompile Include="thirdparty\imgui\examples\example_win32_directx11\main.cpp">
      <Filter>core</Filter>
    </ClCompile>
    <ClCompile Include="thirdparty\imgui\examples\example_win32_directx12\main.cpp">
      <Filter>core</Filter>
    </ClCompile>
    <ClCompile Include="thirdparty\imgui\examples\example_win32_opengl3\main.cpp">
      <Filter>core</Filter>
    </ClCompile>
    <ClCompile Include="thirdparty\imgui\examples\libs\usynergy\uSynergy.c">
      <Filter>core</Filter>
    </ClCompile>
    <ClCompile Include="thirdparty\imgui\misc\cpp\imgui_stdlib.cpp">
      <Filter>core</Filter>
    </ClCompile>
    <ClCompile Include="thirdparty\imgui\misc\fonts\binary_to_compressed_c.cpp">
      <Filter>core</Filter>
    </ClCompile>
    <ClCompile Include="thirdparty\imgui\misc\freetype\imgui_freetype.cpp">
      <Filter>core</Filter>
    </ClCompile>
    <ClCompile Include="thirdparty\imgui\imgui.cpp">
      <Filter>core</Filter>
    </ClCompile>
    <ClCompile Include="thirdparty\imgui\imgui_demo.cpp">
      <Filter>core</Filter>
    </ClCompile>
    <ClCompile Include="thirdparty\imgui\imgui_draw.cpp">
      <Filter>core</Filter>
    </ClCompile>
    <ClCompile Include="thirdparty\imgui\imgui_tables.cpp">
      <Filter>core</Filter>
    </ClCompile>
    <ClCompile Include="thirdparty\imgui\imgui_widgets.cpp">
      <Filter>core</Filter>
    </ClCompile>
  </ItemGroup>
  <ItemGroup>
    <ClInclude Include="ui\winbase.hpp">
      <Filter>ui</Filter>
    </ClInclude>
    <ClInclude Include="common\ioc.hpp">
      <Filter>common</Filter>
    </ClInclude>
    <ClInclude Include="common\log.hpp">
      <Filter>common</Filter>
    </ClInclude>
    <ClInclude Include="common\win32.h">
      <Filter>common</Filter>
    </ClInclude>
    <ClInclude Include="core\init.hpp">
      <Filter>core</Filter>
    </ClInclude>
    <ClInclude Include="common\logsessn.hpp">
      <Filter>common</Filter>
    </ClInclude>
    <ClInclude Include="common\logprov.hpp">
      <Filter>common</Filter>
    </ClInclude>
    <ClInclude Include="thirdparty\backward\backward.hpp">
      <Filter>thirdparty</Filter>
    </ClInclude>
    <ClInclude Include="common\assert.hpp">
      <Filter>common</Filter>
    </ClInclude>
    <ClInclude Include="common\macros.h">
      <Filter>common</Filter>
    </ClInclude>
    <ClInclude Include="common\stacktrc.hpp">
      <Filter>common</Filter>
    </ClInclude>
    <ClInclude Include="common\excption.hpp">
      <Filter>common</Filter>
    </ClInclude>
    <ClInclude Include="common\strutil.hpp">
      <Filter>common</Filter>
    </ClInclude>
    <ClInclude Include="ui\winclass.hpp">
      <Filter>ui</Filter>
    </ClInclude>
    <ClInclude Include="ui\winimpl.hpp">
      <Filter>ui</Filter>
    </ClInclude>
    <ClInclude Include="core\jobqueue.hpp">
      <Filter>core</Filter>
    </ClInclude>
    <ClInclude Include="thirdparty\imgui\backends\imgui_impl_allegro5.h" />
    <ClInclude Include="thirdparty\imgui\backends\imgui_impl_android.h" />
    <ClInclude Include="thirdparty\imgui\backends\imgui_impl_dx9.h" />
    <ClInclude Include="thirdparty\imgui\backends\imgui_impl_dx10.h" />
    <ClInclude Include="thirdparty\imgui\backends\imgui_impl_dx11.h" />
    <ClInclude Include="thirdparty\imgui\backends\imgui_impl_dx12.h" />
    <ClInclude Include="thirdparty\imgui\backends\imgui_impl_glfw.h" />
    <ClInclude Include="thirdparty\imgui\backends\imgui_impl_glut.h" />
    <ClInclude Include="thirdparty\imgui\backends\imgui_impl_metal.h" />
    <ClInclude Include="thirdparty\imgui\backends\imgui_impl_opengl2.h" />
    <ClInclude Include="thirdparty\imgui\backends\imgui_impl_opengl3.h" />
    <ClInclude Include="thirdparty\imgui\backends\imgui_impl_opengl3_loader.h" />
    <ClInclude Include="thirdparty\imgui\backends\imgui_impl_osx.h" />
    <ClInclude Include="thirdparty\imgui\backends\imgui_impl_sdl2.h" />
    <ClInclude Include="thirdparty\imgui\backends\imgui_impl_sdl3.h" />
    <ClInclude Include="thirdparty\imgui\backends\imgui_impl_sdlrenderer2.h" />
    <ClInclude Include="thirdparty\imgui\backends\imgui_impl_sdlrenderer3.h" />
    <ClInclude Include="thirdparty\imgui\backends\imgui_impl_vulkan.h" />
    <ClInclude Include="thirdparty\imgui\backends\imgui_impl_wgpu.h" />
    <ClInclude Include="thirdparty\imgui\backends\imgui_impl_win32.h" />
    <ClInclude Include="thirdparty\imgui\examples\example_allegro5\imconfig_allegro5.h" />
    <ClInclude Include="thirdparty\imgui\examples\libs\emscripten\emscripten_mainloop_stub.h" />
    <ClInclude Include="thirdparty\imgui\examples\libs\glfw\include\GLFW\glfw3.h" />
    <ClInclude Include="thirdparty\imgui\examples\libs\glfw\include\GLFW\glfw3native.h" />
    <ClInclude Include="thirdparty\imgui\examples\libs\usynergy\uSynergy.h" />
    <ClInclude Include="thirdparty\imgui\misc\cpp\imgui_stdlib.h" />
    <ClInclude Include="thirdparty\imgui\misc\freetype\imgui_freetype.h" />
    <ClInclude Include="thirdparty\imgui\misc\single_file\imgui_single_file.h" />
    <ClInclude Include="thirdparty\imgui\imconfig.h" />
    <ClInclude Include="thirdparty\imgui\imgui.h" />
    <ClInclude Include="thirdparty\imgui\imgui_internal.h" />
    <ClInclude Include="thirdparty\imgui\imstb_rectpack.h" />
    <ClInclude Include="thirdparty\imgui\imstb_textedit.h" />
    <ClInclude Include="thirdparty\imgui\imstb_truetype.h" />
  </ItemGroup>
  <ItemGroup>
    <None Include="TODO" />
    <None Include="thirdparty\imgui\examples\example_emscripten_wgpu\web\index.html" />
    <None Include="thirdparty\imgui\examples\libs\emscripten\shell_minimal.html" />
  </ItemGroup>
</Project>