<?xml version="1.0" encoding="utf-8"?>
<Project ToolsVersion="4.0" xmlns="http://schemas.microsoft.com/developer/msbuild/2003">
  <ItemGroup>
    <Filter Include="ui">
      <UniqueIdentifier>{f7a0c3db-0c9e-4959-9fa8-98a6d4e2da73}</UniqueIdentifier>
    </Filter>
    <Filter Include="core">
      <UniqueIdentifier>{4FC737F1-C7A5-4376-A066-2A32D752A2FF}</UniqueIdentifier>
      <Extensions>cpp;c;cc;cxx;c++;cppm;ixx;def;odl;idl;hpj;bat;asm;asmx</Extensions>
    </Filter>
    <Filter Include="res">
      <UniqueIdentifier>{67DA6AB6-F800-4c08-8B7A-83BB121AAD01}</UniqueIdentifier>
      <Extensions>rc;ico;cur;bmp;dlg;rc2;rct;bin;rgs;gif;jpg;jpeg;jpe;resx;tiff;tif;png;wav;mfcribbon-ms</Extensions>
    </Filter>
    <Filter Include="common">
      <UniqueIdentifier>{de40b966-9b97-4423-8ac3-f6c9d8199330}</UniqueIdentifier>
    </Filter>
    <Filter Include="thirdparty">
      <UniqueIdentifier>{c5633bec-5a86-4313-b58f-96726ce9a82a}</UniqueIdentifier>
    </Filter>
  </ItemGroup>
  <ItemGroup>
    <ClCompile Include="core\entry.cpp">
      <Filter>core</Filter>
    </ClCompile>
    <ClCompile Include="ui\window.cpp">
      <Filter>ui</Filter>
    </ClCompile>
    <ClCompile Include="common\ioc.cpp">
      <Filter>common</Filter>
    </ClCompile>
    <ClCompile Include="common\log.cpp">
      <Filter>common</Filter>
    </ClCompile>
    <ClCompile Include="core\init.cpp">
      <Filter>core</Filter>
    </ClCompile>
    <ClCompile Include="common\logsessn.cpp">
      <Filter>common</Filter>
    </ClCompile>
    <ClCompile Include="common\logprov.cpp">
      <Filter>common</Filter>
    </ClCompile>
    <ClCompile Include="common\stacktrc.cpp">
      <Filter>common</Filter>
    </ClCompile>
    <ClCompile Include="common\assert.cpp">
      <Filter>common</Filter>
    </ClCompile>
    <ClCompile Include="common\strutil.cpp">
      <Filter>common</Filter>
    </ClCompile>
    <ClCompile Include="common\excption.cpp">
      <Filter>common</Filter>
    </ClCompile>
  </ItemGroup>
  <ItemGroup>
    <ClInclude Include="ui\window.hpp">
      <Filter>ui</Filter>
    </ClInclude>
    <ClInclude Include="common\ioc.hpp">
      <Filter>common</Filter>
    </ClInclude>
    <ClInclude Include="common\log.hpp">
      <Filter>common</Filter>
    </ClInclude>
    <ClInclude Include="common\win32.h">
      <Filter>common</Filter>
    </ClInclude>
    <ClInclude Include="core\init.hpp">
      <Filter>core</Filter>
    </ClInclude>
    <ClInclude Include="common\logsessn.hpp">
      <Filter>common</Filter>
    </ClInclude>
    <ClInclude Include="common\logprov.hpp">
      <Filter>common</Filter>
    </ClInclude>
    <ClInclude Include="thirdparty\backward.hpp">
      <Filter>thirdparty</Filter>
    </ClInclude>
    <ClInclude Include="common\assert.hpp">
      <Filter>common</Filter>
    </ClInclude>
    <ClInclude Include="common\macros.h">
      <Filter>common</Filter>
    </ClInclude>
    <ClInclude Include="common\stacktrc.hpp">
      <Filter>common</Filter>
    </ClInclude>
    <ClInclude Include="common\excption.hpp">
      <Filter>common</Filter>
    </ClInclude>
    <ClInclude Include="common\strutil.hpp">
      <Filter>common</Filter>
    </ClInclude>
  </ItemGroup>
  <ItemGroup>
    <None Include="TODO" />
  </ItemGroup>
</Project>