<?xml version="1.0" encoding="utf-8"?>
<Project ToolsVersion="4.0" xmlns="http://schemas.microsoft.com/developer/msbuild/2003">
  <ItemGroup>
    <Filter Include="ui">
      <UniqueIdentifier>{f7a0c3db-0c9e-4959-9fa8-98a6d4e2da73}</UniqueIdentifier>
    </Filter>
    <Filter Include="core">
      <UniqueIdentifier>{4FC737F1-C7A5-4376-A066-2A32D752A2FF}</UniqueIdentifier>
      <Extensions>cpp;c;cc;cxx;c++;cppm;ixx;def;odl;idl;hpj;bat;asm;asmx</Extensions>
    </Filter>
    <Filter Include="res">
      <UniqueIdentifier>{67DA6AB6-F800-4c08-8B7A-83BB121AAD01}</UniqueIdentifier>
      <Extensions>rc;ico;cur;bmp;dlg;rc2;rct;bin;rgs;gif;jpg;jpeg;jpe;resx;tiff;tif;png;wav;mfcribbon-ms</Extensions>
    </Filter>
    <Filter Include="common">
      <UniqueIdentifier>{de40b966-9b97-4423-8ac3-f6c9d8199330}</UniqueIdentifier>
    </Filter>
    <Filter Include="thirdparty">
      <UniqueIdentifier>{c5633bec-5a86-4313-b58f-96726ce9a82a}</UniqueIdentifier>
    </Filter>
  </ItemGroup>
  <ItemGroup>
    <ClCompile Include="core\entry.cpp">
      <Filter>core</Filter>
    </ClCompile>
    <ClCompile Include="common\ioc.cpp">
      <Filter>common</Filter>
    </ClCompile>
    <ClCompile Include="common\log.cpp">
      <Filter>common</Filter>
    </ClCompile>
    <ClCompile Include="core\init.cpp">
      <Filter>core</Filter>
    </ClCompile>
    <ClCompile Include="common\logsessn.cpp">
      <Filter>common</Filter>
    </ClCompile>
    <ClCompile Include="common\logprov.cpp">
      <Filter>common</Filter>
    </ClCompile>
    <ClCompile Include="common\stacktrc.cpp">
      <Filter>common</Filter>
    </ClCompile>
    <ClCompile Include="common\assert.cpp">
      <Filter>common</Filter>
    </ClCompile>
    <ClCompile Include="common\strutil.cpp">
      <Filter>common</Filter>
    </ClCompile>
    <ClCompile Include="common\excption.cpp">
      <Filter>common</Filter>
    </ClCompile>
    <ClCompile Include="ui\winclass.cpp">
      <Filter>ui</Filter>
    </ClCompile>
    <ClCompile Include="ui\winimpl.cpp">
      <Filter>ui</Filter>
    </ClCompile>
    <ClCompile Include="common\jobqueue.cpp">
      <Filter>core</Filter>
    </ClCompile>
    <ClCompile Include="ui\backend.cpp">
      <Filter>ui</Filter>
    </ClCompile>
    <ClCompile Include="thirdparty\imgui\imgui.cpp">
      <Filter>thirdparty</Filter>
    </ClCompile>
    <ClCompile Include="thirdparty\imgui\imgui_demo.cpp">
      <Filter>thirdparty</Filter>
    </ClCompile>
    <ClCompile Include="thirdparty\imgui\imgui_draw.cpp">
      <Filter>thirdparty</Filter>
    </ClCompile>
    <ClCompile Include="thirdparty\imgui\imgui_tables.cpp">
      <Filter>thirdparty</Filter>
    </ClCompile>
    <ClCompile Include="thirdparty\imgui\imgui_widgets.cpp">
      <Filter>thirdparty</Filter>
    </ClCompile>
    <ClCompile Include="ui\imguimgr.cpp">
      <Filter>thirdparty</Filter>
    </ClCompile>
    <ClCompile Include="thirdparty\imgui\backends\imgui_impl_dx11.cpp">
      <Filter>thirdparty</Filter>
    </ClCompile>
    <ClCompile Include="thirdparty\imgui\backends\imgui_impl_win32.cpp">
      <Filter>thirdparty</Filter>
    </ClCompile>
    <ClCompile Include="thirdparty\imgui\misc\cpp\imgui_stdlib.cpp">
      <Filter>thirdparty</Filter>
    </ClCompile>
  </ItemGroup>
  <ItemGroup>
    <ClInclude Include="ui\winbase.hpp">
      <Filter>ui</Filter>
    </ClInclude>
    <ClInclude Include="common\ioc.hpp">
      <Filter>common</Filter>
    </ClInclude>
    <ClInclude Include="common\log.hpp">
      <Filter>common</Filter>
    </ClInclude>
    <ClInclude Include="common\win32.h">
      <Filter>common</Filter>
    </ClInclude>
    <ClInclude Include="core\init.hpp">
      <Filter>core</Filter>
    </ClInclude>
    <ClInclude Include="common\logsessn.hpp">
      <Filter>common</Filter>
    </ClInclude>
    <ClInclude Include="common\logprov.hpp">
      <Filter>common</Filter>
    </ClInclude>
    <ClInclude Include="common\assert.hpp">
      <Filter>common</Filter>
    </ClInclude>
    <ClInclude Include="common\macros.h">
      <Filter>common</Filter>
    </ClInclude>
    <ClInclude Include="common\stacktrc.hpp">
      <Filter>common</Filter>
    </ClInclude>
    <ClInclude Include="common\excption.hpp">
      <Filter>common</Filter>
    </ClInclude>
    <ClInclude Include="common\strutil.hpp">
      <Filter>common</Filter>
    </ClInclude>
    <ClInclude Include="ui\winclass.hpp">
      <Filter>ui</Filter>
    </ClInclude>
    <ClInclude Include="ui\winimpl.hpp">
      <Filter>ui</Filter>
    </ClInclude>
    <ClInclude Include="common\jobqueue.hpp">
      <Filter>core</Filter>
    </ClInclude>
    <ClInclude Include="ui\backend.hpp">
      <Filter>ui</Filter>
    </ClInclude>
    <ClInclude Include="ui\imguimgr.hpp">
      <Filter>ui</Filter>
    </ClInclude>
    <ClInclude Include="thirdparty\imgui\imconfig.h">
      <Filter>thirdparty</Filter>
    </ClInclude>
    <ClInclude Include="thirdparty\imgui\imgui.h">
      <Filter>thirdparty</Filter>
    </ClInclude>
    <ClInclude Include="thirdparty\imgui\imgui_internal.h">
      <Filter>thirdparty</Filter>
    </ClInclude>
    <ClInclude Include="thirdparty\imgui\imstb_rectpack.h">
      <Filter>thirdparty</Filter>
    </ClInclude>
    <ClInclude Include="thirdparty\imgui\imstb_textedit.h">
      <Filter>thirdparty</Filter>
    </ClInclude>
    <ClInclude Include="thirdparty\imgui\imstb_truetype.h">
      <Filter>thirdparty</Filter>
    </ClInclude>
    <ClInclude Include="thirdparty\imgui\backends\imgui_impl_dx11.h">
      <Filter>thirdparty</Filter>
    </ClInclude>
    <ClInclude Include="thirdparty\imgui\backends\imgui_impl_win32.h">
      <Filter>thirdparty</Filter>
    </ClInclude>
    <ClInclude Include="thirdparty\imgui\misc\cpp\imgui_stdlib.h">
      <Filter>thirdparty</Filter>
    </ClInclude>
  </ItemGroup>
  <ItemGroup>
    <None Include="TODO" />
    <None Include="thirdparty\imgui\misc\debuggers\imgui.natstepfilter">
      <Filter>thirdparty</Filter>
    </None>
  </ItemGroup>
  <ItemGroup>
    <Natvis Include="thirdparty\imgui\misc\debuggers\imgui.natvis">
      <Filter>thirdparty</Filter>
    </Natvis>
  </ItemGroup>
</Project>